<?xml version="1.0" encoding="utf-8"?>
<Project ToolsVersion="4.0" xmlns="http://schemas.microsoft.com/developer/msbuild/2003">
  <ItemGroup>
    <ClCompile Include="lists.c" />
    <ClCompile Include="main.c" />
    <ClCompile Include="map.c" />
    <ClCompile Include="sprite.c" />
    <ClCompile Include="utilities.c" />
    <ClCompile Include="window.c" />
    <ClCompile Include="world.c" />
  </ItemGroup>
  <ItemGroup>
    <ClInclude Include="entity.h" />
    <ClInclude Include="lists.h" />
    <ClInclude Include="map.h" />
    <ClInclude Include="resource.h" />
    <ClInclude Include="sprite.h" />
    <ClInclude Include="utilities.h" />
    <ClInclude Include="window.h" />
    <ClInclude Include="world.h" />
  </ItemGroup>
  <ItemGroup>
    <ResourceCompile Include="KonJI.rc" />
  </ItemGroup>
  <ItemGroup>
    <None Include="entity.c" />
  </ItemGroup>
</Project>