<?xml version="1.0" encoding="utf-8"?>
<Project ToolsVersion="4.0" xmlns="http://schemas.microsoft.com/developer/msbuild/2003">
  <ItemGroup>
    <ClCompile Include="lists.c">
      <Filter>sources</Filter>
    </ClCompile>
    <ClCompile Include="main.c">
      <Filter>sources</Filter>
    </ClCompile>
    <ClCompile Include="map.c">
      <Filter>sources</Filter>
    </ClCompile>
    <ClCompile Include="sprite.c">
      <Filter>sources</Filter>
    </ClCompile>
    <ClCompile Include="utilities.c">
      <Filter>sources</Filter>
    </ClCompile>
    <ClCompile Include="window.c">
      <Filter>sources</Filter>
    </ClCompile>
    <ClCompile Include="world.c">
      <Filter>sources</Filter>
    </ClCompile>
    <ClCompile Include="palette.c">
      <Filter>sources</Filter>
    </ClCompile>
    <ClCompile Include="volleyball_world.c">
      <Filter>sources</Filter>
    </ClCompile>
  </ItemGroup>
  <ItemGroup>
    <ClInclude Include="lists.h">
      <Filter>headers</Filter>
    </ClInclude>
    <ClInclude Include="map.h">
      <Filter>headers</Filter>
    </ClInclude>
    <ClInclude Include="resource.h">
      <Filter>headers</Filter>
    </ClInclude>
    <ClInclude Include="sprite.h">
      <Filter>headers</Filter>
    </ClInclude>
    <ClInclude Include="utilities.h">
      <Filter>headers</Filter>
    </ClInclude>
    <ClInclude Include="window.h">
      <Filter>headers</Filter>
    </ClInclude>
    <ClInclude Include="world.h">
      <Filter>headers</Filter>
    </ClInclude>
    <ClInclude Include="entity.h">
      <Filter>headers</Filter>
    </ClInclude>
    <ClInclude Include="palette.h">
      <Filter>headers</Filter>
    </ClInclude>
    <ClInclude Include="volleyball_world.h">
      <Filter>headers</Filter>
    </ClInclude>
  </ItemGroup>
  <ItemGroup>
    <ResourceCompile Include="KonJI.rc" />
  </ItemGroup>
  <ItemGroup>
    <Filter Include="headers">
      <UniqueIdentifier>{a4ae9201-f507-497c-b043-485c3c14d4a3}</UniqueIdentifier>
    </Filter>
    <Filter Include="sources">
      <UniqueIdentifier>{863b5569-7778-4ee5-922b-3d99333cfdc4}</UniqueIdentifier>
    </Filter>
  </ItemGroup>
  <ItemGroup>
    <None Include="entity.c">
      <Filter>sources</Filter>
    </None>
  </ItemGroup>
</Project>